
Microsoft Visual Studio Solution File, Format Version 12.00
# Visual Studio Version 16
VisualStudioVersion = 25.0.1705.0
MinimumVisualStudioVersion = 10.0.40219.1
Project("{FAE04EC0-301F-11D3-BF4B-00C04F79EFBC}") = "cajeroaumatico", "cajeroaumatico\cajeroaumatico.csproj", "{28A43B02-968E-46E7-90CE-42220186656A}"
EndProject
Global
	GlobalSection(SolutionConfigurationPlatforms) = preSolution
		Debug|Any CPU = Debug|Any CPU
		Release|Any CPU = Release|Any CPU
	EndGlobalSection
	GlobalSection(ProjectConfigurationPlatforms) = postSolution
		{28A43B02-968E-46E7-90CE-42220186656A}.Debug|Any CPU.ActiveCfg = Debug|Any CPU
		{28A43B02-968E-46E7-90CE-42220186656A}.Debug|Any CPU.Build.0 = Debug|Any CPU
		{28A43B02-968E-46E7-90CE-42220186656A}.Release|Any CPU.ActiveCfg = Release|Any CPU
		{28A43B02-968E-46E7-90CE-42220186656A}.Release|Any CPU.Build.0 = Release|Any CPU
	EndGlobalSection
	GlobalSection(SolutionProperties) = preSolution
		HideSolutionNode = FALSE
	EndGlobalSection
	GlobalSection(ExtensibilityGlobals) = postSolution
		SolutionGuid = {E2068108-AD7F-408A-A5D1-62E11B41F3E5}
	EndGlobalSection
EndGlobal
